
Microsoft Visual Studio Solution File, Format Version 12.00
# Visual Studio Version 17
VisualStudioVersion = 17.7.34031.279
MinimumVisualStudioVersion = 10.0.40219.1
Project("{2150E333-8FDC-42A3-9474-1A3956D46DE8}") = "Task0", "Task0", "{89C0F261-30C9-474A-B749-EEA6BDC114B1}"
EndProject
Project("{FAE04EC0-301F-11D3-BF4B-00C04F79EFBC}") = "Tyuiu.SbrodovSV.Sprint4.Task0.V11", "Tyuiu.SbrodovSV.Sprint4.Task0.V11\Tyuiu.SbrodovSV.Sprint4.Task0.V11.csproj", "{B7320168-E2C6-4634-87D2-FDA585C5CDE3}"
EndProject
Project("{FAE04EC0-301F-11D3-BF4B-00C04F79EFBC}") = "Tyuiu.SbrodovSV.Sprint4.Task0.V11.Lib", "Tyuiu.SbrodovSV.Sprint4.Task0.V11.Lib\Tyuiu.SbrodovSV.Sprint4.Task0.V11.Lib.csproj", "{158AD273-5820-4BC3-AF40-E72BB6F901C4}"
EndProject
Project("{FAE04EC0-301F-11D3-BF4B-00C04F79EFBC}") = "Tyuiu.SbrodovSV.Sprint4.Task0.V11.Test", "Tyuiu.SbrodovSV.Sprint4.Task0.V11.Test\Tyuiu.SbrodovSV.Sprint4.Task0.V11.Test.csproj", "{286574F3-F2CA-4FAD-A0F5-2B516CE6FA85}"
EndProject
Project("{2150E333-8FDC-42A3-9474-1A3956D46DE8}") = "Task1", "Task1", "{000C9114-F5CC-4E29-95F7-C084819A1ED4}"
EndProject
Project("{FAE04EC0-301F-11D3-BF4B-00C04F79EFBC}") = "Tyuiu.SbrodovSV.Sprint4.Task1.V13", "Tyuiu.SbrodovSV.Sprint4.Task1.V13\Tyuiu.SbrodovSV.Sprint4.Task1.V13.csproj", "{B928A64F-166E-4AB5-A0C7-60304D80DEC4}"
EndProject
Project("{FAE04EC0-301F-11D3-BF4B-00C04F79EFBC}") = "Tyuiu.SbrodovSV.Sprint4.Task1.V13.Lib", "Tyuiu.SbrodovSV.Sprint4.Task1.V13.Lib\Tyuiu.SbrodovSV.Sprint4.Task1.V13.Lib.csproj", "{95E62F49-90FA-4222-91F2-E16C0B76CB60}"
EndProject
Project("{FAE04EC0-301F-11D3-BF4B-00C04F79EFBC}") = "Tyuiu.SbrodovSV.Sprint4.Task1.V13.Test", "Tyuiu.SbrodovSV.Sprint4.Task1.V13.Test\Tyuiu.SbrodovSV.Sprint4.Task1.V13.Test.csproj", "{3AA13A5A-A782-4435-8A65-A9104A469B07}"
EndProject
Project("{2150E333-8FDC-42A3-9474-1A3956D46DE8}") = "Task2", "Task2", "{014C4FB6-6969-411E-88AE-42666B8EE6C3}"
EndProject
Project("{FAE04EC0-301F-11D3-BF4B-00C04F79EFBC}") = "Tyuiu.SbrodovSV.Sprint4.Task2.V24", "Tyuiu.SbrodovSV.Sprint4.Task2.V24\Tyuiu.SbrodovSV.Sprint4.Task2.V24.csproj", "{0216FC2F-7AEE-49D6-8F47-C4ABE919F9C8}"
EndProject
Project("{FAE04EC0-301F-11D3-BF4B-00C04F79EFBC}") = "Tyuiu.SbrodovSV.Sprint4.Task2.V24.Lib", "Tyuiu.SbrodovSV.Sprint4.Task2.V24.Lib\Tyuiu.SbrodovSV.Sprint4.Task2.V24.Lib.csproj", "{03EB33F3-9E0B-41A8-9007-C1AFDCADF1B4}"
EndProject
Project("{FAE04EC0-301F-11D3-BF4B-00C04F79EFBC}") = "Tyuiu.SbrodovSV.Sprint4.Task2.V24.Test", "Tyuiu.SbrodovSV.Sprint4.Task2.V24.Test\Tyuiu.SbrodovSV.Sprint4.Task2.V24.Test.csproj", "{142F0F84-ADDE-41F4-BEDB-DEA93791368A}"
EndProject
Global
	GlobalSection(SolutionConfigurationPlatforms) = preSolution
		Debug|Any CPU = Debug|Any CPU
		Release|Any CPU = Release|Any CPU
	EndGlobalSection
	GlobalSection(ProjectConfigurationPlatforms) = postSolution
		{B7320168-E2C6-4634-87D2-FDA585C5CDE3}.Debug|Any CPU.ActiveCfg = Debug|Any CPU
		{B7320168-E2C6-4634-87D2-FDA585C5CDE3}.Debug|Any CPU.Build.0 = Debug|Any CPU
		{B7320168-E2C6-4634-87D2-FDA585C5CDE3}.Release|Any CPU.ActiveCfg = Release|Any CPU
		{B7320168-E2C6-4634-87D2-FDA585C5CDE3}.Release|Any CPU.Build.0 = Release|Any CPU
		{158AD273-5820-4BC3-AF40-E72BB6F901C4}.Debug|Any CPU.ActiveCfg = Debug|Any CPU
		{158AD273-5820-4BC3-AF40-E72BB6F901C4}.Debug|Any CPU.Build.0 = Debug|Any CPU
		{158AD273-5820-4BC3-AF40-E72BB6F901C4}.Release|Any CPU.ActiveCfg = Release|Any CPU
		{158AD273-5820-4BC3-AF40-E72BB6F901C4}.Release|Any CPU.Build.0 = Release|Any CPU
		{286574F3-F2CA-4FAD-A0F5-2B516CE6FA85}.Debug|Any CPU.ActiveCfg = Debug|Any CPU
		{286574F3-F2CA-4FAD-A0F5-2B516CE6FA85}.Debug|Any CPU.Build.0 = Debug|Any CPU
		{286574F3-F2CA-4FAD-A0F5-2B516CE6FA85}.Release|Any CPU.ActiveCfg = Release|Any CPU
		{286574F3-F2CA-4FAD-A0F5-2B516CE6FA85}.Release|Any CPU.Build.0 = Release|Any CPU
		{B928A64F-166E-4AB5-A0C7-60304D80DEC4}.Debug|Any CPU.ActiveCfg = Debug|Any CPU
		{B928A64F-166E-4AB5-A0C7-60304D80DEC4}.Debug|Any CPU.Build.0 = Debug|Any CPU
		{B928A64F-166E-4AB5-A0C7-60304D80DEC4}.Release|Any CPU.ActiveCfg = Release|Any CPU
		{B928A64F-166E-4AB5-A0C7-60304D80DEC4}.Release|Any CPU.Build.0 = Release|Any CPU
		{95E62F49-90FA-4222-91F2-E16C0B76CB60}.Debug|Any CPU.ActiveCfg = Debug|Any CPU
		{95E62F49-90FA-4222-91F2-E16C0B76CB60}.Debug|Any CPU.Build.0 = Debug|Any CPU
		{95E62F49-90FA-4222-91F2-E16C0B76CB60}.Release|Any CPU.ActiveCfg = Release|Any CPU
		{95E62F49-90FA-4222-91F2-E16C0B76CB60}.Release|Any CPU.Build.0 = Release|Any CPU
		{3AA13A5A-A782-4435-8A65-A9104A469B07}.Debug|Any CPU.ActiveCfg = Debug|Any CPU
		{3AA13A5A-A782-4435-8A65-A9104A469B07}.Debug|Any CPU.Build.0 = Debug|Any CPU
		{3AA13A5A-A782-4435-8A65-A9104A469B07}.Release|Any CPU.ActiveCfg = Release|Any CPU
		{3AA13A5A-A782-4435-8A65-A9104A469B07}.Release|Any CPU.Build.0 = Release|Any CPU
		{0216FC2F-7AEE-49D6-8F47-C4ABE919F9C8}.Debug|Any CPU.ActiveCfg = Debug|Any CPU
		{0216FC2F-7AEE-49D6-8F47-C4ABE919F9C8}.Debug|Any CPU.Build.0 = Debug|Any CPU
		{0216FC2F-7AEE-49D6-8F47-C4ABE919F9C8}.Release|Any CPU.ActiveCfg = Release|Any CPU
		{0216FC2F-7AEE-49D6-8F47-C4ABE919F9C8}.Release|Any CPU.Build.0 = Release|Any CPU
		{03EB33F3-9E0B-41A8-9007-C1AFDCADF1B4}.Debug|Any CPU.ActiveCfg = Debug|Any CPU
		{03EB33F3-9E0B-41A8-9007-C1AFDCADF1B4}.Debug|Any CPU.Build.0 = Debug|Any CPU
		{03EB33F3-9E0B-41A8-9007-C1AFDCADF1B4}.Release|Any CPU.ActiveCfg = Release|Any CPU
		{03EB33F3-9E0B-41A8-9007-C1AFDCADF1B4}.Release|Any CPU.Build.0 = Release|Any CPU
		{142F0F84-ADDE-41F4-BEDB-DEA93791368A}.Debug|Any CPU.ActiveCfg = Debug|Any CPU
		{142F0F84-ADDE-41F4-BEDB-DEA93791368A}.Debug|Any CPU.Build.0 = Debug|Any CPU
		{142F0F84-ADDE-41F4-BEDB-DEA93791368A}.Release|Any CPU.ActiveCfg = Release|Any CPU
		{142F0F84-ADDE-41F4-BEDB-DEA93791368A}.Release|Any CPU.Build.0 = Release|Any CPU
	EndGlobalSection
	GlobalSection(SolutionProperties) = preSolution
		HideSolutionNode = FALSE
	EndGlobalSection
	GlobalSection(NestedProjects) = preSolution
		{B7320168-E2C6-4634-87D2-FDA585C5CDE3} = {89C0F261-30C9-474A-B749-EEA6BDC114B1}
		{158AD273-5820-4BC3-AF40-E72BB6F901C4} = {89C0F261-30C9-474A-B749-EEA6BDC114B1}
		{286574F3-F2CA-4FAD-A0F5-2B516CE6FA85} = {89C0F261-30C9-474A-B749-EEA6BDC114B1}
		{B928A64F-166E-4AB5-A0C7-60304D80DEC4} = {000C9114-F5CC-4E29-95F7-C084819A1ED4}
		{95E62F49-90FA-4222-91F2-E16C0B76CB60} = {000C9114-F5CC-4E29-95F7-C084819A1ED4}
		{3AA13A5A-A782-4435-8A65-A9104A469B07} = {000C9114-F5CC-4E29-95F7-C084819A1ED4}
		{0216FC2F-7AEE-49D6-8F47-C4ABE919F9C8} = {014C4FB6-6969-411E-88AE-42666B8EE6C3}
		{03EB33F3-9E0B-41A8-9007-C1AFDCADF1B4} = {014C4FB6-6969-411E-88AE-42666B8EE6C3}
		{142F0F84-ADDE-41F4-BEDB-DEA93791368A} = {014C4FB6-6969-411E-88AE-42666B8EE6C3}
	EndGlobalSection
	GlobalSection(ExtensibilityGlobals) = postSolution
		SolutionGuid = {1C97D43C-AF47-4BAF-B390-CD989F4686D2}
	EndGlobalSection
EndGlobal
