
Microsoft Visual Studio Solution File, Format Version 12.00
# Visual Studio Version 17
VisualStudioVersion = 17.7.34031.279
MinimumVisualStudioVersion = 10.0.40219.1
Project("{2150E333-8FDC-42A3-9474-1A3956D46DE8}") = "Task0", "Task0", "{89C0F261-30C9-474A-B749-EEA6BDC114B1}"
EndProject
Project("{FAE04EC0-301F-11D3-BF4B-00C04F79EFBC}") = "Tyuiu.SbrodovSV.Sprint4.Task0.V11", "Tyuiu.SbrodovSV.Sprint4.Task0.V11\Tyuiu.SbrodovSV.Sprint4.Task0.V11.csproj", "{B7320168-E2C6-4634-87D2-FDA585C5CDE3}"
EndProject
Project("{FAE04EC0-301F-11D3-BF4B-00C04F79EFBC}") = "Tyuiu.SbrodovSV.Sprint4.Task0.V11.Lib", "Tyuiu.SbrodovSV.Sprint4.Task0.V11.Lib\Tyuiu.SbrodovSV.Sprint4.Task0.V11.Lib.csproj", "{158AD273-5820-4BC3-AF40-E72BB6F901C4}"
EndProject
Project("{FAE04EC0-301F-11D3-BF4B-00C04F79EFBC}") = "Tyuiu.SbrodovSV.Sprint4.Task0.V11.Test", "Tyuiu.SbrodovSV.Sprint4.Task0.V11.Test\Tyuiu.SbrodovSV.Sprint4.Task0.V11.Test.csproj", "{286574F3-F2CA-4FAD-A0F5-2B516CE6FA85}"
EndProject
Project("{2150E333-8FDC-42A3-9474-1A3956D46DE8}") = "Task1", "Task1", "{000C9114-F5CC-4E29-95F7-C084819A1ED4}"
EndProject
Project("{FAE04EC0-301F-11D3-BF4B-00C04F79EFBC}") = "Tyuiu.SbrodovSV.Sprint4.Task1.V13", "Tyuiu.SbrodovSV.Sprint4.Task1.V13\Tyuiu.SbrodovSV.Sprint4.Task1.V13.csproj", "{B928A64F-166E-4AB5-A0C7-60304D80DEC4}"
EndProject
Project("{FAE04EC0-301F-11D3-BF4B-00C04F79EFBC}") = "Tyuiu.SbrodovSV.Sprint4.Task1.V13.Lib", "Tyuiu.SbrodovSV.Sprint4.Task1.V13.Lib\Tyuiu.SbrodovSV.Sprint4.Task1.V13.Lib.csproj", "{95E62F49-90FA-4222-91F2-E16C0B76CB60}"
EndProject
Project("{FAE04EC0-301F-11D3-BF4B-00C04F79EFBC}") = "Tyuiu.SbrodovSV.Sprint4.Task1.V13.Test", "Tyuiu.SbrodovSV.Sprint4.Task1.V13.Test\Tyuiu.SbrodovSV.Sprint4.Task1.V13.Test.csproj", "{3AA13A5A-A782-4435-8A65-A9104A469B07}"
EndProject
Project("{2150E333-8FDC-42A3-9474-1A3956D46DE8}") = "Task2", "Task2", "{014C4FB6-6969-411E-88AE-42666B8EE6C3}"
EndProject
Project("{FAE04EC0-301F-11D3-BF4B-00C04F79EFBC}") = "Tyuiu.SbrodovSV.Sprint4.Task2.V24", "Tyuiu.SbrodovSV.Sprint4.Task2.V24\Tyuiu.SbrodovSV.Sprint4.Task2.V24.csproj", "{0216FC2F-7AEE-49D6-8F47-C4ABE919F9C8}"
EndProject
Project("{FAE04EC0-301F-11D3-BF4B-00C04F79EFBC}") = "Tyuiu.SbrodovSV.Sprint4.Task2.V24.Lib", "Tyuiu.SbrodovSV.Sprint4.Task2.V24.Lib\Tyuiu.SbrodovSV.Sprint4.Task2.V24.Lib.csproj", "{03EB33F3-9E0B-41A8-9007-C1AFDCADF1B4}"
EndProject
Project("{FAE04EC0-301F-11D3-BF4B-00C04F79EFBC}") = "Tyuiu.SbrodovSV.Sprint4.Task2.V24.Test", "Tyuiu.SbrodovSV.Sprint4.Task2.V24.Test\Tyuiu.SbrodovSV.Sprint4.Task2.V24.Test.csproj", "{142F0F84-ADDE-41F4-BEDB-DEA93791368A}"
EndProject
Project("{2150E333-8FDC-42A3-9474-1A3956D46DE8}") = "Task3", "Task3", "{0B4A755A-A704-4033-BC51-0E186AFF10C1}"
EndProject
Project("{FAE04EC0-301F-11D3-BF4B-00C04F79EFBC}") = "Tyuiu.SbrodovSV.Sprint4.Task3.V6", "Tyuiu.SbrodovSV.Sprint4.Task3.V6\Tyuiu.SbrodovSV.Sprint4.Task3.V6.csproj", "{2B318B64-20A7-44D6-9D7E-040C93F7D2EE}"
EndProject
Project("{FAE04EC0-301F-11D3-BF4B-00C04F79EFBC}") = "Tyuiu.SbrodovSV.Sprint4.Task3.V6.Lib", "Tyuiu.SbrodovSV.Sprint4.Task3.V6.Lib\Tyuiu.SbrodovSV.Sprint4.Task3.V6.Lib.csproj", "{851425F0-CD21-4F09-9C41-A2C1AE535E9F}"
EndProject
Project("{FAE04EC0-301F-11D3-BF4B-00C04F79EFBC}") = "Tyuiu.SbrodovSV.Sprint4.Task3.V6.Test", "Tyuiu.SbrodovSV.Sprint4.Task3.V6.Test\Tyuiu.SbrodovSV.Sprint4.Task3.V6.Test.csproj", "{45795261-F6FD-49D8-AEAB-D0E924A69C9F}"
EndProject
Project("{2150E333-8FDC-42A3-9474-1A3956D46DE8}") = "Task4", "Task4", "{5D11C398-6509-4C46-A1DB-F5A8B076BBB4}"
EndProject
Project("{FAE04EC0-301F-11D3-BF4B-00C04F79EFBC}") = "Tyuiu.SbrodovSV.Sprint4.Task4.V13", "Tyuiu.SbrodovSV.Sprint4.Task4.V13\Tyuiu.SbrodovSV.Sprint4.Task4.V13.csproj", "{635DB4D5-2D79-4927-AAEE-482816AD5D14}"
EndProject
Project("{FAE04EC0-301F-11D3-BF4B-00C04F79EFBC}") = "Tyuiu.SbrodovSV.Sprint4.Task4.V13.Lib", "Tyuiu.SbrodovSV.Sprint4.Task4.V13.Lib\Tyuiu.SbrodovSV.Sprint4.Task4.V13.Lib.csproj", "{62324B3C-3B7C-4A95-8F0A-9954DF9B08C0}"
EndProject
Project("{FAE04EC0-301F-11D3-BF4B-00C04F79EFBC}") = "Tyuiu.SbrodovSV.Sprint4.Task4.V13.Test", "Tyuiu.SbrodovSV.Sprint4.Task4.V13.Test\Tyuiu.SbrodovSV.Sprint4.Task4.V13.Test.csproj", "{0D9E6DEE-439D-481B-A165-1503D3789A67}"
EndProject
Project("{2150E333-8FDC-42A3-9474-1A3956D46DE8}") = "Task5", "Task5", "{B212C1C4-E878-4F22-B624-F2329E0BDE17}"
EndProject
Project("{FAE04EC0-301F-11D3-BF4B-00C04F79EFBC}") = "Tyuiu.SbrodovSV.Sprint4.Task5.V15", "Tyuiu.SbrodovSV.Sprint4.Task5.V15\Tyuiu.SbrodovSV.Sprint4.Task5.V15.csproj", "{2DA8382A-BBF4-43B3-AF01-BFFDF6FF244B}"
EndProject
Project("{FAE04EC0-301F-11D3-BF4B-00C04F79EFBC}") = "Tyuiu.SbrodovSV.Sprint4.Task5.V15.Lib", "Tyuiu.SbrodovSV.Sprint4.Task5.V15.Lib\Tyuiu.SbrodovSV.Sprint4.Task5.V15.Lib.csproj", "{9AF7F860-3BD7-44D1-8601-3176EE1ADF8B}"
EndProject
Project("{FAE04EC0-301F-11D3-BF4B-00C04F79EFBC}") = "Tyuiu.SbrodovSV.Sprint4.Task5.V15.Test", "Tyuiu.SbrodovSV.Sprint4.Task5.V15.Test\Tyuiu.SbrodovSV.Sprint4.Task5.V15.Test.csproj", "{6D53D531-0BEC-4E74-8CA8-651170FE7AFD}"
EndProject
Global
	GlobalSection(SolutionConfigurationPlatforms) = preSolution
		Debug|Any CPU = Debug|Any CPU
		Release|Any CPU = Release|Any CPU
	EndGlobalSection
	GlobalSection(ProjectConfigurationPlatforms) = postSolution
		{B7320168-E2C6-4634-87D2-FDA585C5CDE3}.Debug|Any CPU.ActiveCfg = Debug|Any CPU
		{B7320168-E2C6-4634-87D2-FDA585C5CDE3}.Debug|Any CPU.Build.0 = Debug|Any CPU
		{B7320168-E2C6-4634-87D2-FDA585C5CDE3}.Release|Any CPU.ActiveCfg = Release|Any CPU
		{B7320168-E2C6-4634-87D2-FDA585C5CDE3}.Release|Any CPU.Build.0 = Release|Any CPU
		{158AD273-5820-4BC3-AF40-E72BB6F901C4}.Debug|Any CPU.ActiveCfg = Debug|Any CPU
		{158AD273-5820-4BC3-AF40-E72BB6F901C4}.Debug|Any CPU.Build.0 = Debug|Any CPU
		{158AD273-5820-4BC3-AF40-E72BB6F901C4}.Release|Any CPU.ActiveCfg = Release|Any CPU
		{158AD273-5820-4BC3-AF40-E72BB6F901C4}.Release|Any CPU.Build.0 = Release|Any CPU
		{286574F3-F2CA-4FAD-A0F5-2B516CE6FA85}.Debug|Any CPU.ActiveCfg = Debug|Any CPU
		{286574F3-F2CA-4FAD-A0F5-2B516CE6FA85}.Debug|Any CPU.Build.0 = Debug|Any CPU
		{286574F3-F2CA-4FAD-A0F5-2B516CE6FA85}.Release|Any CPU.ActiveCfg = Release|Any CPU
		{286574F3-F2CA-4FAD-A0F5-2B516CE6FA85}.Release|Any CPU.Build.0 = Release|Any CPU
		{B928A64F-166E-4AB5-A0C7-60304D80DEC4}.Debug|Any CPU.ActiveCfg = Debug|Any CPU
		{B928A64F-166E-4AB5-A0C7-60304D80DEC4}.Debug|Any CPU.Build.0 = Debug|Any CPU
		{B928A64F-166E-4AB5-A0C7-60304D80DEC4}.Release|Any CPU.ActiveCfg = Release|Any CPU
		{B928A64F-166E-4AB5-A0C7-60304D80DEC4}.Release|Any CPU.Build.0 = Release|Any CPU
		{95E62F49-90FA-4222-91F2-E16C0B76CB60}.Debug|Any CPU.ActiveCfg = Debug|Any CPU
		{95E62F49-90FA-4222-91F2-E16C0B76CB60}.Debug|Any CPU.Build.0 = Debug|Any CPU
		{95E62F49-90FA-4222-91F2-E16C0B76CB60}.Release|Any CPU.ActiveCfg = Release|Any CPU
		{95E62F49-90FA-4222-91F2-E16C0B76CB60}.Release|Any CPU.Build.0 = Release|Any CPU
		{3AA13A5A-A782-4435-8A65-A9104A469B07}.Debug|Any CPU.ActiveCfg = Debug|Any CPU
		{3AA13A5A-A782-4435-8A65-A9104A469B07}.Debug|Any CPU.Build.0 = Debug|Any CPU
		{3AA13A5A-A782-4435-8A65-A9104A469B07}.Release|Any CPU.ActiveCfg = Release|Any CPU
		{3AA13A5A-A782-4435-8A65-A9104A469B07}.Release|Any CPU.Build.0 = Release|Any CPU
		{0216FC2F-7AEE-49D6-8F47-C4ABE919F9C8}.Debug|Any CPU.ActiveCfg = Debug|Any CPU
		{0216FC2F-7AEE-49D6-8F47-C4ABE919F9C8}.Debug|Any CPU.Build.0 = Debug|Any CPU
		{0216FC2F-7AEE-49D6-8F47-C4ABE919F9C8}.Release|Any CPU.ActiveCfg = Release|Any CPU
		{0216FC2F-7AEE-49D6-8F47-C4ABE919F9C8}.Release|Any CPU.Build.0 = Release|Any CPU
		{03EB33F3-9E0B-41A8-9007-C1AFDCADF1B4}.Debug|Any CPU.ActiveCfg = Debug|Any CPU
		{03EB33F3-9E0B-41A8-9007-C1AFDCADF1B4}.Debug|Any CPU.Build.0 = Debug|Any CPU
		{03EB33F3-9E0B-41A8-9007-C1AFDCADF1B4}.Release|Any CPU.ActiveCfg = Release|Any CPU
		{03EB33F3-9E0B-41A8-9007-C1AFDCADF1B4}.Release|Any CPU.Build.0 = Release|Any CPU
		{142F0F84-ADDE-41F4-BEDB-DEA93791368A}.Debug|Any CPU.ActiveCfg = Debug|Any CPU
		{142F0F84-ADDE-41F4-BEDB-DEA93791368A}.Debug|Any CPU.Build.0 = Debug|Any CPU
		{142F0F84-ADDE-41F4-BEDB-DEA93791368A}.Release|Any CPU.ActiveCfg = Release|Any CPU
		{142F0F84-ADDE-41F4-BEDB-DEA93791368A}.Release|Any CPU.Build.0 = Release|Any CPU
		{2B318B64-20A7-44D6-9D7E-040C93F7D2EE}.Debug|Any CPU.ActiveCfg = Debug|Any CPU
		{2B318B64-20A7-44D6-9D7E-040C93F7D2EE}.Debug|Any CPU.Build.0 = Debug|Any CPU
		{2B318B64-20A7-44D6-9D7E-040C93F7D2EE}.Release|Any CPU.ActiveCfg = Release|Any CPU
		{2B318B64-20A7-44D6-9D7E-040C93F7D2EE}.Release|Any CPU.Build.0 = Release|Any CPU
		{851425F0-CD21-4F09-9C41-A2C1AE535E9F}.Debug|Any CPU.ActiveCfg = Debug|Any CPU
		{851425F0-CD21-4F09-9C41-A2C1AE535E9F}.Debug|Any CPU.Build.0 = Debug|Any CPU
		{851425F0-CD21-4F09-9C41-A2C1AE535E9F}.Release|Any CPU.ActiveCfg = Release|Any CPU
		{851425F0-CD21-4F09-9C41-A2C1AE535E9F}.Release|Any CPU.Build.0 = Release|Any CPU
		{45795261-F6FD-49D8-AEAB-D0E924A69C9F}.Debug|Any CPU.ActiveCfg = Debug|Any CPU
		{45795261-F6FD-49D8-AEAB-D0E924A69C9F}.Debug|Any CPU.Build.0 = Debug|Any CPU
		{45795261-F6FD-49D8-AEAB-D0E924A69C9F}.Release|Any CPU.ActiveCfg = Release|Any CPU
		{45795261-F6FD-49D8-AEAB-D0E924A69C9F}.Release|Any CPU.Build.0 = Release|Any CPU
		{635DB4D5-2D79-4927-AAEE-482816AD5D14}.Debug|Any CPU.ActiveCfg = Debug|Any CPU
		{635DB4D5-2D79-4927-AAEE-482816AD5D14}.Debug|Any CPU.Build.0 = Debug|Any CPU
		{635DB4D5-2D79-4927-AAEE-482816AD5D14}.Release|Any CPU.ActiveCfg = Release|Any CPU
		{635DB4D5-2D79-4927-AAEE-482816AD5D14}.Release|Any CPU.Build.0 = Release|Any CPU
		{62324B3C-3B7C-4A95-8F0A-9954DF9B08C0}.Debug|Any CPU.ActiveCfg = Debug|Any CPU
		{62324B3C-3B7C-4A95-8F0A-9954DF9B08C0}.Debug|Any CPU.Build.0 = Debug|Any CPU
		{62324B3C-3B7C-4A95-8F0A-9954DF9B08C0}.Release|Any CPU.ActiveCfg = Release|Any CPU
		{62324B3C-3B7C-4A95-8F0A-9954DF9B08C0}.Release|Any CPU.Build.0 = Release|Any CPU
		{0D9E6DEE-439D-481B-A165-1503D3789A67}.Debug|Any CPU.ActiveCfg = Debug|Any CPU
		{0D9E6DEE-439D-481B-A165-1503D3789A67}.Debug|Any CPU.Build.0 = Debug|Any CPU
		{0D9E6DEE-439D-481B-A165-1503D3789A67}.Release|Any CPU.ActiveCfg = Release|Any CPU
		{0D9E6DEE-439D-481B-A165-1503D3789A67}.Release|Any CPU.Build.0 = Release|Any CPU
		{2DA8382A-BBF4-43B3-AF01-BFFDF6FF244B}.Debug|Any CPU.ActiveCfg = Debug|Any CPU
		{2DA8382A-BBF4-43B3-AF01-BFFDF6FF244B}.Debug|Any CPU.Build.0 = Debug|Any CPU
		{2DA8382A-BBF4-43B3-AF01-BFFDF6FF244B}.Release|Any CPU.ActiveCfg = Release|Any CPU
		{2DA8382A-BBF4-43B3-AF01-BFFDF6FF244B}.Release|Any CPU.Build.0 = Release|Any CPU
		{9AF7F860-3BD7-44D1-8601-3176EE1ADF8B}.Debug|Any CPU.ActiveCfg = Debug|Any CPU
		{9AF7F860-3BD7-44D1-8601-3176EE1ADF8B}.Debug|Any CPU.Build.0 = Debug|Any CPU
		{9AF7F860-3BD7-44D1-8601-3176EE1ADF8B}.Release|Any CPU.ActiveCfg = Release|Any CPU
		{9AF7F860-3BD7-44D1-8601-3176EE1ADF8B}.Release|Any CPU.Build.0 = Release|Any CPU
		{6D53D531-0BEC-4E74-8CA8-651170FE7AFD}.Debug|Any CPU.ActiveCfg = Debug|Any CPU
		{6D53D531-0BEC-4E74-8CA8-651170FE7AFD}.Debug|Any CPU.Build.0 = Debug|Any CPU
		{6D53D531-0BEC-4E74-8CA8-651170FE7AFD}.Release|Any CPU.ActiveCfg = Release|Any CPU
		{6D53D531-0BEC-4E74-8CA8-651170FE7AFD}.Release|Any CPU.Build.0 = Release|Any CPU
	EndGlobalSection
	GlobalSection(SolutionProperties) = preSolution
		HideSolutionNode = FALSE
	EndGlobalSection
	GlobalSection(NestedProjects) = preSolution
		{B7320168-E2C6-4634-87D2-FDA585C5CDE3} = {89C0F261-30C9-474A-B749-EEA6BDC114B1}
		{158AD273-5820-4BC3-AF40-E72BB6F901C4} = {89C0F261-30C9-474A-B749-EEA6BDC114B1}
		{286574F3-F2CA-4FAD-A0F5-2B516CE6FA85} = {89C0F261-30C9-474A-B749-EEA6BDC114B1}
		{B928A64F-166E-4AB5-A0C7-60304D80DEC4} = {000C9114-F5CC-4E29-95F7-C084819A1ED4}
		{95E62F49-90FA-4222-91F2-E16C0B76CB60} = {000C9114-F5CC-4E29-95F7-C084819A1ED4}
		{3AA13A5A-A782-4435-8A65-A9104A469B07} = {000C9114-F5CC-4E29-95F7-C084819A1ED4}
		{0216FC2F-7AEE-49D6-8F47-C4ABE919F9C8} = {014C4FB6-6969-411E-88AE-42666B8EE6C3}
		{03EB33F3-9E0B-41A8-9007-C1AFDCADF1B4} = {014C4FB6-6969-411E-88AE-42666B8EE6C3}
		{142F0F84-ADDE-41F4-BEDB-DEA93791368A} = {014C4FB6-6969-411E-88AE-42666B8EE6C3}
		{2B318B64-20A7-44D6-9D7E-040C93F7D2EE} = {0B4A755A-A704-4033-BC51-0E186AFF10C1}
		{851425F0-CD21-4F09-9C41-A2C1AE535E9F} = {0B4A755A-A704-4033-BC51-0E186AFF10C1}
		{45795261-F6FD-49D8-AEAB-D0E924A69C9F} = {0B4A755A-A704-4033-BC51-0E186AFF10C1}
		{635DB4D5-2D79-4927-AAEE-482816AD5D14} = {5D11C398-6509-4C46-A1DB-F5A8B076BBB4}
		{62324B3C-3B7C-4A95-8F0A-9954DF9B08C0} = {5D11C398-6509-4C46-A1DB-F5A8B076BBB4}
		{0D9E6DEE-439D-481B-A165-1503D3789A67} = {5D11C398-6509-4C46-A1DB-F5A8B076BBB4}
		{2DA8382A-BBF4-43B3-AF01-BFFDF6FF244B} = {B212C1C4-E878-4F22-B624-F2329E0BDE17}
		{9AF7F860-3BD7-44D1-8601-3176EE1ADF8B} = {B212C1C4-E878-4F22-B624-F2329E0BDE17}
		{6D53D531-0BEC-4E74-8CA8-651170FE7AFD} = {B212C1C4-E878-4F22-B624-F2329E0BDE17}
	EndGlobalSection
	GlobalSection(ExtensibilityGlobals) = postSolution
		SolutionGuid = {1C97D43C-AF47-4BAF-B390-CD989F4686D2}
	EndGlobalSection
EndGlobal
